# THIS IS AN AUTOGENERATED FILE. DO NOT EDIT THIS FILE DIRECTLY.
# yarn lockfile v1


dompurify@^1.0.9:
  version "1.0.9"
  resolved "https://registry.yarnpkg.com/dompurify/-/dompurify-1.0.9.tgz#9d5623df2ec670853e37ff11a5e19bc8990b3b22"
  integrity sha512-lt9f3A3RO1OCNaWdA+s/k7YVn0Typ5MbAKmX94PLCZbs8wLNccX3Bj4xXA7GLKOoDb/MeVoAoeIJarZD1JUnjg==

foundation-sites@^6.5.1:
  version "6.5.1"
  resolved "https://registry.yarnpkg.com/foundation-sites/-/foundation-sites-6.5.1.tgz#a96da2da2dc81b84ff7730714ca1090445de4a42"
  integrity sha512-Z+FiBvogwIDjRlefJ5pYkVcmsGx3pbndRJ80+OvPvI9UwfKCif6YtOyTxpCjUoS3XBlOms5vYonfnasp2V2wZw==

"jquery@>= 1.4.3", jquery@^3.3.1:
  version "3.3.1"
  resolved "https://registry.yarnpkg.com/jquery/-/jquery-3.3.1.tgz#958ce29e81c9790f31be7792df5d4d95fc57fbca"
  integrity sha512-Ubldcmxp5np52/ENotGxlLe6aGMvmF4R8S6tZjsP6Knsaxd/xp3Zrh50cG93lR6nPXyUFwzN3ZSOQI0wRJNdGg==

slick-carousel@^1.8.1:
  version "1.8.1"
  resolved "https://registry.yarnpkg.com/slick-carousel/-/slick-carousel-1.8.1.tgz#a4bfb29014887bb66ce528b90bd0cda262cc8f8d"
  integrity sha512-XB9Ftrf2EEKfzoQXt3Nitrt/IPbT+f1fgqBdoxO3W/+JYvtEOW6EgxnWfr9GH6nmULv7Y2tPmEX3koxThVmebA==

velocity-animate@^1.5.2:
  version "1.5.2"
  resolved "https://registry.yarnpkg.com/velocity-animate/-/velocity-animate-1.5.2.tgz#5a351d75fca2a92756f5c3867548b873f6c32105"
  integrity sha512-m6EXlCAMetKztO1ppBhGU1/1MR3IiEevO6ESq6rcrSQ3Q77xYSW13jkfXW88o4xMrkXJhy/U7j4wFR/twMB0Eg==

velocity-ui-pack@^1.2.2:
  version "1.2.2"
  resolved "https://registry.yarnpkg.com/velocity-ui-pack/-/velocity-ui-pack-1.2.2.tgz#5266679920d54eb666431d86427f62ab2d756730"
  integrity sha1-UmZnmSDVTrZmQx2GQn9iqy11ZzA=
  dependencies:
    jquery ">= 1.4.3"
